<?xml version="1.0" encoding="utf-8"?>
<Project ToolsVersion="4.0" xmlns="http://schemas.microsoft.com/developer/msbuild/2003">
  <ItemGroup>
    <Filter Include="src">
      <UniqueIdentifier>{4FC737F1-C7A5-4376-A066-2A32D752A2FF}</UniqueIdentifier>
      <Extensions>cpp;c;cc;cxx;c++;cppm;ixx;def;odl;idl;hpj;bat;asm;asmx</Extensions>
    </Filter>
    <Filter Include="include">
      <UniqueIdentifier>{93995380-89BD-4b04-88EB-625FBE52EBFB}</UniqueIdentifier>
      <Extensions>h;hh;hpp;hxx;h++;hm;inl;inc;ipp;xsd</Extensions>
    </Filter>
    <Filter Include="include\cartosphere">
      <UniqueIdentifier>{90dc3992-98b4-4532-b208-4670a60c818b}</UniqueIdentifier>
    </Filter>
    <Filter Include="tests">
      <UniqueIdentifier>{67DA6AB6-F800-4c08-8B7A-83BB121AAD01}</UniqueIdentifier>
      <Extensions>rc;ico;cur;bmp;dlg;rc2;rct;bin;rgs;gif;jpg;jpeg;jpe;resx;tiff;tif;png;wav;mfcribbon-ms</Extensions>
    </Filter>
    <Filter Include="include\s2kit10">
      <UniqueIdentifier>{46800886-94a7-4171-acc4-c60938b750b2}</UniqueIdentifier>
    </Filter>
    <Filter Include="src\s2kit10">
      <UniqueIdentifier>{c74efba7-299d-407c-9fee-b5c1d6f0c954}</UniqueIdentifier>
    </Filter>
    <Filter Include="src\cartosphere">
      <UniqueIdentifier>{b6508f33-6d74-4d6e-84bb-f355f7c0f42d}</UniqueIdentifier>
    </Filter>
  </ItemGroup>
  <ItemGroup>
    <ClCompile Include="..\src\main.cpp">
      <Filter>src</Filter>
    </ClCompile>
    <ClCompile Include="..\src\solver.cpp">
      <Filter>src\cartosphere</Filter>
    </ClCompile>
    <ClCompile Include="..\src\mesh.cpp">
      <Filter>src\cartosphere</Filter>
    </ClCompile>
    <ClCompile Include="..\src\functions.cpp">
      <Filter>src\cartosphere</Filter>
    </ClCompile>
    <ClCompile Include="..\src\research.cpp">
      <Filter>src\cartosphere</Filter>
    </ClCompile>
    <ClCompile Include="..\src\globe.cpp">
      <Filter>src\cartosphere</Filter>
    </ClCompile>
  </ItemGroup>
  <ItemGroup>
    <ClInclude Include="..\include\cartosphere\mesh.hpp">
      <Filter>include\cartosphere</Filter>
    </ClInclude>
    <ClInclude Include="..\include\cartosphere\utility.hpp">
      <Filter>include\cartosphere</Filter>
    </ClInclude>
    <ClInclude Include="..\include\cartosphere\solver.hpp">
      <Filter>include\cartosphere</Filter>
    </ClInclude>
    <ClInclude Include="..\include\cartosphere\functions.hpp">
      <Filter>include\cartosphere</Filter>
    </ClInclude>
    <ClInclude Include="..\include\cartosphere\research.hpp">
      <Filter>include\cartosphere</Filter>
    </ClInclude>
    <ClInclude Include="..\include\cartosphere\globe.hpp">
      <Filter>include\cartosphere</Filter>
    </ClInclude>
  </ItemGroup>
  <ItemGroup>
    <None Include="..\tests\octahedron.csm">
      <Filter>tests</Filter>
    </None>
    <None Include="..\tests\icosahedron.csm">
      <Filter>tests</Filter>
    </None>
    <None Include="..\tests\cartosphere.mtl">
      <Filter>tests</Filter>
    </None>
    <None Include="cpp.hint" />
  </ItemGroup>
</Project>